
Microsoft Visual Studio Solution File, Format Version 12.00
Project("{FAE04EC0-301F-11D3-BF4B-00C04F79EFBC}") = "TestRailComplexApi", "TestRailComplexApi\TestRailComplexApi.csproj", "{F590F5B9-84E5-40C4-AE76-9CE62C8C5B19}"
EndProject
Project("{FAE04EC0-301F-11D3-BF4B-00C04F79EFBC}") = "DB_Npgsql", "DB_Npgsql\DB_Npgsql.csproj", "{EF24C576-7D8C-4C07-A1CA-C09290436CA0}"
EndProject
Project("{FAE04EC0-301F-11D3-BF4B-00C04F79EFBC}") = "DB_EFCore", "DB_EFCore\DB_EFCore.csproj", "{102EDA8B-F167-4C5A-BBF6-695979BB5BDF}"
EndProject
Global
	GlobalSection(SolutionConfigurationPlatforms) = preSolution
		Debug|Any CPU = Debug|Any CPU
		Release|Any CPU = Release|Any CPU
	EndGlobalSection
	GlobalSection(ProjectConfigurationPlatforms) = postSolution
		{F590F5B9-84E5-40C4-AE76-9CE62C8C5B19}.Debug|Any CPU.ActiveCfg = Debug|Any CPU
		{F590F5B9-84E5-40C4-AE76-9CE62C8C5B19}.Debug|Any CPU.Build.0 = Debug|Any CPU
		{F590F5B9-84E5-40C4-AE76-9CE62C8C5B19}.Release|Any CPU.ActiveCfg = Release|Any CPU
		{F590F5B9-84E5-40C4-AE76-9CE62C8C5B19}.Release|Any CPU.Build.0 = Release|Any CPU
		{EF24C576-7D8C-4C07-A1CA-C09290436CA0}.Debug|Any CPU.ActiveCfg = Debug|Any CPU
		{EF24C576-7D8C-4C07-A1CA-C09290436CA0}.Debug|Any CPU.Build.0 = Debug|Any CPU
		{EF24C576-7D8C-4C07-A1CA-C09290436CA0}.Release|Any CPU.ActiveCfg = Release|Any CPU
		{EF24C576-7D8C-4C07-A1CA-C09290436CA0}.Release|Any CPU.Build.0 = Release|Any CPU
		{102EDA8B-F167-4C5A-BBF6-695979BB5BDF}.Debug|Any CPU.ActiveCfg = Debug|Any CPU
		{102EDA8B-F167-4C5A-BBF6-695979BB5BDF}.Debug|Any CPU.Build.0 = Debug|Any CPU
		{102EDA8B-F167-4C5A-BBF6-695979BB5BDF}.Release|Any CPU.ActiveCfg = Release|Any CPU
		{102EDA8B-F167-4C5A-BBF6-695979BB5BDF}.Release|Any CPU.Build.0 = Release|Any CPU
	EndGlobalSection
EndGlobal
